
Microsoft Visual Studio Solution File, Format Version 12.00
# Visual Studio Version 17
VisualStudioVersion = 17.13.35818.85
MinimumVisualStudioVersion = 10.0.40219.1
Project("{00D1A9C2-B5F0-4AF3-8072-F6C62B433612}") = "Shaheem'sDinerDB", "Shaheem'sDinerDB\Shaheem'sDinerDB.sqlproj", "{ABB4E430-D445-47AC-8234-7B8A007D1BD4}"
EndProject
Project("{FAE04EC0-301F-11D3-BF4B-00C04F79EFBC}") = "ShaheemsDinerLibrary", "ShaheemsDinerLibrary\ShaheemsDinerLibrary.csproj", "{C81A93DE-C0ED-44A7-9488-F0AD20A4BFB9}"
EndProject
Global
	GlobalSection(SolutionConfigurationPlatforms) = preSolution
		Debug|Any CPU = Debug|Any CPU
		Release|Any CPU = Release|Any CPU
	EndGlobalSection
	GlobalSection(ProjectConfigurationPlatforms) = postSolution
		{ABB4E430-D445-47AC-8234-7B8A007D1BD4}.Debug|Any CPU.ActiveCfg = Debug|Any CPU
		{ABB4E430-D445-47AC-8234-7B8A007D1BD4}.Debug|Any CPU.Build.0 = Debug|Any CPU
		{ABB4E430-D445-47AC-8234-7B8A007D1BD4}.Debug|Any CPU.Deploy.0 = Debug|Any CPU
		{ABB4E430-D445-47AC-8234-7B8A007D1BD4}.Release|Any CPU.ActiveCfg = Release|Any CPU
		{ABB4E430-D445-47AC-8234-7B8A007D1BD4}.Release|Any CPU.Build.0 = Release|Any CPU
		{ABB4E430-D445-47AC-8234-7B8A007D1BD4}.Release|Any CPU.Deploy.0 = Release|Any CPU
		{C81A93DE-C0ED-44A7-9488-F0AD20A4BFB9}.Debug|Any CPU.ActiveCfg = Debug|Any CPU
		{C81A93DE-C0ED-44A7-9488-F0AD20A4BFB9}.Debug|Any CPU.Build.0 = Debug|Any CPU
		{C81A93DE-C0ED-44A7-9488-F0AD20A4BFB9}.Release|Any CPU.ActiveCfg = Release|Any CPU
		{C81A93DE-C0ED-44A7-9488-F0AD20A4BFB9}.Release|Any CPU.Build.0 = Release|Any CPU
	EndGlobalSection
	GlobalSection(SolutionProperties) = preSolution
		HideSolutionNode = FALSE
	EndGlobalSection
	GlobalSection(ExtensibilityGlobals) = postSolution
		SolutionGuid = {877A31B0-262F-43F1-A602-95C74FCF432F}
	EndGlobalSection
EndGlobal
